
Microsoft Visual Studio Solution File, Format Version 12.00
# Visual Studio Version 17
VisualStudioVersion = 17.10.35122.118
MinimumVisualStudioVersion = 10.0.40219.1
Project("{9A19103F-16F7-4668-BE54-9A1E7A4F7556}") = "Question4", "Question4\Question4.csproj", "{1B1BAAD6-00B4-4CEE-806B-EECD9792D3B0}"
EndProject
Project("{9A19103F-16F7-4668-BE54-9A1E7A4F7556}") = "Question3", "Question3\Question3.csproj", "{81D02320-08F1-4616-A6B8-69499FD7F58A}"
EndProject
Project("{9A19103F-16F7-4668-BE54-9A1E7A4F7556}") = "Question6", "Question6\Question6.csproj", "{DCBABC90-9E2D-4DBB-AB12-00F381ED5EDD}"
EndProject
Project("{FAE04EC0-301F-11D3-BF4B-00C04F79EFBC}") = "PopulateDatabase", "Question2\PopulateDatabase\PopulateDatabase.csproj", "{AC84BA0F-F097-4AB2-B0F7-623B071EF81D}"
EndProject
Project("{FAE04EC0-301F-11D3-BF4B-00C04F79EFBC}") = "TestQueries", "Question2\TestQueries\TestQueries.csproj", "{548BFECE-A1C8-4128-A093-89C08DFB5877}"
EndProject
Global
	GlobalSection(SolutionConfigurationPlatforms) = preSolution
		Debug|Any CPU = Debug|Any CPU
		Release|Any CPU = Release|Any CPU
	EndGlobalSection
	GlobalSection(ProjectConfigurationPlatforms) = postSolution
		{1B1BAAD6-00B4-4CEE-806B-EECD9792D3B0}.Debug|Any CPU.ActiveCfg = Debug|Any CPU
		{1B1BAAD6-00B4-4CEE-806B-EECD9792D3B0}.Debug|Any CPU.Build.0 = Debug|Any CPU
		{1B1BAAD6-00B4-4CEE-806B-EECD9792D3B0}.Release|Any CPU.ActiveCfg = Release|Any CPU
		{1B1BAAD6-00B4-4CEE-806B-EECD9792D3B0}.Release|Any CPU.Build.0 = Release|Any CPU
		{81D02320-08F1-4616-A6B8-69499FD7F58A}.Debug|Any CPU.ActiveCfg = Debug|Any CPU
		{81D02320-08F1-4616-A6B8-69499FD7F58A}.Debug|Any CPU.Build.0 = Debug|Any CPU
		{81D02320-08F1-4616-A6B8-69499FD7F58A}.Release|Any CPU.ActiveCfg = Release|Any CPU
		{81D02320-08F1-4616-A6B8-69499FD7F58A}.Release|Any CPU.Build.0 = Release|Any CPU
		{DCBABC90-9E2D-4DBB-AB12-00F381ED5EDD}.Debug|Any CPU.ActiveCfg = Debug|Any CPU
		{DCBABC90-9E2D-4DBB-AB12-00F381ED5EDD}.Debug|Any CPU.Build.0 = Debug|Any CPU
		{DCBABC90-9E2D-4DBB-AB12-00F381ED5EDD}.Release|Any CPU.ActiveCfg = Release|Any CPU
		{DCBABC90-9E2D-4DBB-AB12-00F381ED5EDD}.Release|Any CPU.Build.0 = Release|Any CPU
		{AC84BA0F-F097-4AB2-B0F7-623B071EF81D}.Debug|Any CPU.ActiveCfg = Debug|Any CPU
		{AC84BA0F-F097-4AB2-B0F7-623B071EF81D}.Debug|Any CPU.Build.0 = Debug|Any CPU
		{AC84BA0F-F097-4AB2-B0F7-623B071EF81D}.Release|Any CPU.ActiveCfg = Release|Any CPU
		{AC84BA0F-F097-4AB2-B0F7-623B071EF81D}.Release|Any CPU.Build.0 = Release|Any CPU
		{548BFECE-A1C8-4128-A093-89C08DFB5877}.Debug|Any CPU.ActiveCfg = Debug|Any CPU
		{548BFECE-A1C8-4128-A093-89C08DFB5877}.Debug|Any CPU.Build.0 = Debug|Any CPU
		{548BFECE-A1C8-4128-A093-89C08DFB5877}.Release|Any CPU.ActiveCfg = Release|Any CPU
		{548BFECE-A1C8-4128-A093-89C08DFB5877}.Release|Any CPU.Build.0 = Release|Any CPU
	EndGlobalSection
	GlobalSection(SolutionProperties) = preSolution
		HideSolutionNode = FALSE
	EndGlobalSection
	GlobalSection(ExtensibilityGlobals) = postSolution
		SolutionGuid = {6D608888-A6AF-42B8-AFFA-90E84AC462DB}
	EndGlobalSection
EndGlobal
